
Microsoft Visual Studio Solution File, Format Version 12.00
# Visual Studio Version 17
VisualStudioVersion = 17.0.31903.59
MinimumVisualStudioVersion = 10.0.40219.1
Project("{2150E333-8FDC-42A3-9474-1A3956D46DE8}") = "app", "app", "{F95F473B-E98A-ACD6-1986-755F447BE36F}"
EndProject
Project("{FAE04EC0-301F-11D3-BF4B-00C04F79EFBC}") = "FamilyClaimRef.App", "app\FamilyClaimRef.App\FamilyClaimRef.App.csproj", "{EDAABE8A-9D4E-435D-9FC5-736502F5FE0A}"
EndProject
Project("{2150E333-8FDC-42A3-9474-1A3956D46DE8}") = "tests", "tests", "{0AB3BF05-4346-4AA6-1389-037BE0695223}"
EndProject
Project("{FAE04EC0-301F-11D3-BF4B-00C04F79EFBC}") = "FamilyClaimRef.App.Tests", "tests\FamilyClaimRef.App.Tests\FamilyClaimRef.App.Tests.csproj", "{5C14D233-37D0-4128-A2CB-66303CE9382C}"
EndProject
Global
	GlobalSection(SolutionConfigurationPlatforms) = preSolution
		Debug|Any CPU = Debug|Any CPU
		Debug|x64 = Debug|x64
		Debug|x86 = Debug|x86
		Release|Any CPU = Release|Any CPU
		Release|x64 = Release|x64
		Release|x86 = Release|x86
	EndGlobalSection
	GlobalSection(ProjectConfigurationPlatforms) = postSolution
		{EDAABE8A-9D4E-435D-9FC5-736502F5FE0A}.Debug|Any CPU.ActiveCfg = Debug|Any CPU
		{EDAABE8A-9D4E-435D-9FC5-736502F5FE0A}.Debug|Any CPU.Build.0 = Debug|Any CPU
		{EDAABE8A-9D4E-435D-9FC5-736502F5FE0A}.Debug|x64.ActiveCfg = Debug|Any CPU
		{EDAABE8A-9D4E-435D-9FC5-736502F5FE0A}.Debug|x64.Build.0 = Debug|Any CPU
		{EDAABE8A-9D4E-435D-9FC5-736502F5FE0A}.Debug|x86.ActiveCfg = Debug|Any CPU
		{EDAABE8A-9D4E-435D-9FC5-736502F5FE0A}.Debug|x86.Build.0 = Debug|Any CPU
		{EDAABE8A-9D4E-435D-9FC5-736502F5FE0A}.Release|Any CPU.ActiveCfg = Release|Any CPU
		{EDAABE8A-9D4E-435D-9FC5-736502F5FE0A}.Release|Any CPU.Build.0 = Release|Any CPU
		{EDAABE8A-9D4E-435D-9FC5-736502F5FE0A}.Release|x64.ActiveCfg = Release|Any CPU
		{EDAABE8A-9D4E-435D-9FC5-736502F5FE0A}.Release|x64.Build.0 = Release|Any CPU
		{EDAABE8A-9D4E-435D-9FC5-736502F5FE0A}.Release|x86.ActiveCfg = Release|Any CPU
		{EDAABE8A-9D4E-435D-9FC5-736502F5FE0A}.Release|x86.Build.0 = Release|Any CPU
		{5C14D233-37D0-4128-A2CB-66303CE9382C}.Debug|Any CPU.ActiveCfg = Debug|Any CPU
		{5C14D233-37D0-4128-A2CB-66303CE9382C}.Debug|Any CPU.Build.0 = Debug|Any CPU
		{5C14D233-37D0-4128-A2CB-66303CE9382C}.Debug|x64.ActiveCfg = Debug|Any CPU
		{5C14D233-37D0-4128-A2CB-66303CE9382C}.Debug|x64.Build.0 = Debug|Any CPU
		{5C14D233-37D0-4128-A2CB-66303CE9382C}.Debug|x86.ActiveCfg = Debug|Any CPU
		{5C14D233-37D0-4128-A2CB-66303CE9382C}.Debug|x86.Build.0 = Debug|Any CPU
		{5C14D233-37D0-4128-A2CB-66303CE9382C}.Release|Any CPU.ActiveCfg = Release|Any CPU
		{5C14D233-37D0-4128-A2CB-66303CE9382C}.Release|Any CPU.Build.0 = Release|Any CPU
		{5C14D233-37D0-4128-A2CB-66303CE9382C}.Release|x64.ActiveCfg = Release|Any CPU
		{5C14D233-37D0-4128-A2CB-66303CE9382C}.Release|x64.Build.0 = Release|Any CPU
		{5C14D233-37D0-4128-A2CB-66303CE9382C}.Release|x86.ActiveCfg = Release|Any CPU
		{5C14D233-37D0-4128-A2CB-66303CE9382C}.Release|x86.Build.0 = Release|Any CPU
	EndGlobalSection
	GlobalSection(SolutionProperties) = preSolution
		HideSolutionNode = FALSE
	EndGlobalSection
	GlobalSection(NestedProjects) = preSolution
		{EDAABE8A-9D4E-435D-9FC5-736502F5FE0A} = {F95F473B-E98A-ACD6-1986-755F447BE36F}
		{5C14D233-37D0-4128-A2CB-66303CE9382C} = {0AB3BF05-4346-4AA6-1389-037BE0695223}
	EndGlobalSection
EndGlobal
